Microsoft Visual Studio Solution File, Format Version 11.00
# Visual Studio 2008

Project("{D6C948D4-CB2F-7E9E-3A0E-F3A9356CE2B2}") = "IdeaHack", "Assembly-CSharp-firstpass.csproj", "{2738443D-0D7F-43F3-FD5A-264C1A0B0B3B}"
EndProject
Project("{D6C948D4-CB2F-7E9E-3A0E-F3A9356CE2B2}") = "IdeaHack", "Assembly-CSharp.csproj", "{394BCBA5-FDF1-1613-74F3-2F2738FA5172}"
EndProject
Project("{D6C948D4-CB2F-7E9E-3A0E-F3A9356CE2B2}") = "IdeaHack", "Assembly-CSharp-Editor.csproj", "{E57EC316-1B1D-D608-759C-F06DB5212BA4}"
EndProject
Global
	GlobalSection(SolutionConfigurationPlatforms) = preSolution
		Debug|Any CPU = Debug|Any CPU
		Release|Any CPU = Release|Any CPU
	EndGlobalSection
	GlobalSection(ProjectConfigurationPlatforms) = postSolution
		{2738443D-0D7F-43F3-FD5A-264C1A0B0B3B}.Debug|Any CPU.ActiveCfg = Debug|Any CPU
		{2738443D-0D7F-43F3-FD5A-264C1A0B0B3B}.Debug|Any CPU.Build.0 = Debug|Any CPU
		{2738443D-0D7F-43F3-FD5A-264C1A0B0B3B}.Release|Any CPU.ActiveCfg = Release|Any CPU
		{2738443D-0D7F-43F3-FD5A-264C1A0B0B3B}.Release|Any CPU.Build.0 = Release|Any CPU
		{394BCBA5-FDF1-1613-74F3-2F2738FA5172}.Debug|Any CPU.ActiveCfg = Debug|Any CPU
		{394BCBA5-FDF1-1613-74F3-2F2738FA5172}.Debug|Any CPU.Build.0 = Debug|Any CPU
		{394BCBA5-FDF1-1613-74F3-2F2738FA5172}.Release|Any CPU.ActiveCfg = Release|Any CPU
		{394BCBA5-FDF1-1613-74F3-2F2738FA5172}.Release|Any CPU.Build.0 = Release|Any CPU
		{E57EC316-1B1D-D608-759C-F06DB5212BA4}.Debug|Any CPU.ActiveCfg = Debug|Any CPU
		{E57EC316-1B1D-D608-759C-F06DB5212BA4}.Debug|Any CPU.Build.0 = Debug|Any CPU
		{E57EC316-1B1D-D608-759C-F06DB5212BA4}.Release|Any CPU.ActiveCfg = Release|Any CPU
		{E57EC316-1B1D-D608-759C-F06DB5212BA4}.Release|Any CPU.Build.0 = Release|Any CPU
	EndGlobalSection
	GlobalSection(SolutionProperties) = preSolution
		HideSolutionNode = FALSE
	EndGlobalSection
	GlobalSection(MonoDevelopProperties) = preSolution
		StartupItem = Assembly-CSharp.csproj
	EndGlobalSection
EndGlobal
